
Microsoft Visual Studio Solution File, Format Version 12.00
# Visual Studio Version 16
VisualStudioVersion = 16.0.31321.278
MinimumVisualStudioVersion = 10.0.40219.1
Project("{FAE04EC0-301F-11D3-BF4B-00C04F79EFBC}") = "StringCalculator", "StringCalculator\StringCalculator.csproj", "{65A46130-6163-400A-8E8F-4FCB46D36B34}"
EndProject
Project("{FAE04EC0-301F-11D3-BF4B-00C04F79EFBC}") = "StringCalculatorTests", "StringCalculatorTests\StringCalculatorTests.csproj", "{EFD2E5EB-75EB-4A75-99FE-C20E0B328ED5}"
EndProject
Project("{FAE04EC0-301F-11D3-BF4B-00C04F79EFBC}") = "StringCalculatorClasses", "StringCalculatorClasses\StringCalculatorClasses.csproj", "{7E153A42-19E7-4365-A0B3-6F738110EC33}"
EndProject
Global
	GlobalSection(SolutionConfigurationPlatforms) = preSolution
		Debug|Any CPU = Debug|Any CPU
		Release|Any CPU = Release|Any CPU
	EndGlobalSection
	GlobalSection(ProjectConfigurationPlatforms) = postSolution
		{65A46130-6163-400A-8E8F-4FCB46D36B34}.Debug|Any CPU.ActiveCfg = Debug|Any CPU
		{65A46130-6163-400A-8E8F-4FCB46D36B34}.Debug|Any CPU.Build.0 = Debug|Any CPU
		{65A46130-6163-400A-8E8F-4FCB46D36B34}.Release|Any CPU.ActiveCfg = Release|Any CPU
		{65A46130-6163-400A-8E8F-4FCB46D36B34}.Release|Any CPU.Build.0 = Release|Any CPU
		{EFD2E5EB-75EB-4A75-99FE-C20E0B328ED5}.Debug|Any CPU.ActiveCfg = Debug|Any CPU
		{EFD2E5EB-75EB-4A75-99FE-C20E0B328ED5}.Debug|Any CPU.Build.0 = Debug|Any CPU
		{EFD2E5EB-75EB-4A75-99FE-C20E0B328ED5}.Release|Any CPU.ActiveCfg = Release|Any CPU
		{EFD2E5EB-75EB-4A75-99FE-C20E0B328ED5}.Release|Any CPU.Build.0 = Release|Any CPU
		{7E153A42-19E7-4365-A0B3-6F738110EC33}.Debug|Any CPU.ActiveCfg = Debug|Any CPU
		{7E153A42-19E7-4365-A0B3-6F738110EC33}.Debug|Any CPU.Build.0 = Debug|Any CPU
		{7E153A42-19E7-4365-A0B3-6F738110EC33}.Release|Any CPU.ActiveCfg = Release|Any CPU
		{7E153A42-19E7-4365-A0B3-6F738110EC33}.Release|Any CPU.Build.0 = Release|Any CPU
	EndGlobalSection
	GlobalSection(SolutionProperties) = preSolution
		HideSolutionNode = FALSE
	EndGlobalSection
	GlobalSection(ExtensibilityGlobals) = postSolution
		SolutionGuid = {8B9395CD-0714-47BE-879B-FA9030D53238}
	EndGlobalSection
EndGlobal
